// !$*UTF8*$!
{
	archiveVersion = 1;
	classes = {
	};
	objectVersion = 56;
	objects = {

/* Begin PBXBuildFile section */
		55E6E5C42C54CA5200173EBA /* AppDelegate.swift in Sources */ = {isa = PBXBuildFile; fileRef = 55E6E5C32C54CA5200173EBA /* AppDelegate.swift */; };
		55E6E5C62C54CA5200173EBA /* SceneDelegate.swift in Sources */ = {isa = PBXBuildFile; fileRef = 55E6E5C52C54CA5200173EBA /* SceneDelegate.swift */; };
		55E6E5CD2C54CA5400173EBA /* Assets.xcassets in Resources */ = {isa = PBXBuildFile; fileRef = 55E6E5CC2C54CA5400173EBA /* Assets.xcassets */; };
		55F664762C54EE02005C6EF9 /* CircleFloatingButton.swift in Sources */ = {isa = PBXBuildFile; fileRef = 55F664752C54EE02005C6EF9 /* CircleFloatingButton.swift */; };
		55F664782C5500A9005C6EF9 /* OvalButton.swift in Sources */ = {isa = PBXBuildFile; fileRef = 55F664772C5500A9005C6EF9 /* OvalButton.swift */; };
		55F6647B2C553604005C6EF9 /* TransportService.swift in Sources */ = {isa = PBXBuildFile; fileRef = 55F6647A2C553604005C6EF9 /* TransportService.swift */; };
		822E98282C54D0A200F42A9B /* SplashScreenViewController.swift in Sources */ = {isa = PBXBuildFile; fileRef = 822E98272C54D0A200F42A9B /* SplashScreenViewController.swift */; };
		822E982A2C54D0B200F42A9B /* SplashScreenViewModel.swift in Sources */ = {isa = PBXBuildFile; fileRef = 822E98292C54D0B200F42A9B /* SplashScreenViewModel.swift */; };
		822E982D2C54D0BC00F42A9B /* MainCoordinator.swift in Sources */ = {isa = PBXBuildFile; fileRef = 822E982C2C54D0BC00F42A9B /* MainCoordinator.swift */; };
		822E98342C54D13500F42A9B /* Coordinator.swift in Sources */ = {isa = PBXBuildFile; fileRef = 822E98332C54D13500F42A9B /* Coordinator.swift */; };
		822E98372C54D59D00F42A9B /* Assets.swift in Sources */ = {isa = PBXBuildFile; fileRef = 822E98362C54D59D00F42A9B /* Assets.swift */; };
		822E983A2C54D5E400F42A9B /* UIImage+.swift in Sources */ = {isa = PBXBuildFile; fileRef = 822E98392C54D5E400F42A9B /* UIImage+.swift */; };
		822E983C2C54D62B00F42A9B /* UIView+.swift in Sources */ = {isa = PBXBuildFile; fileRef = 822E983B2C54D62B00F42A9B /* UIView+.swift */; };
		822E983E2C54D66B00F42A9B /* CGFLoat+.swift in Sources */ = {isa = PBXBuildFile; fileRef = 822E983D2C54D66B00F42A9B /* CGFLoat+.swift */; };
		822E98402C54D67000F42A9B /* String+.swift in Sources */ = {isa = PBXBuildFile; fileRef = 822E983F2C54D67000F42A9B /* String+.swift */; };
		822E98422C54D67500F42A9B /* UIApplication+.swift in Sources */ = {isa = PBXBuildFile; fileRef = 822E98412C54D67500F42A9B /* UIApplication+.swift */; };
		822E98442C54D67A00F42A9B /* UIButton+.swift in Sources */ = {isa = PBXBuildFile; fileRef = 822E98432C54D67A00F42A9B /* UIButton+.swift */; };
		822E98462C54D68000F42A9B /* UIFont+.swift in Sources */ = {isa = PBXBuildFile; fileRef = 822E98452C54D68000F42A9B /* UIFont+.swift */; };
		822E98482C54D68B00F42A9B /* BaseResponse.swift in Sources */ = {isa = PBXBuildFile; fileRef = 822E98472C54D68B00F42A9B /* BaseResponse.swift */; };
		822E984A2C54D69200F42A9B /* ApiRequest.swift in Sources */ = {isa = PBXBuildFile; fileRef = 822E98492C54D69200F42A9B /* ApiRequest.swift */; };
		822E984C2C54D6A800F42A9B /* Endpoints.swift in Sources */ = {isa = PBXBuildFile; fileRef = 822E984B2C54D6A800F42A9B /* Endpoints.swift */; };
		822E984E2C54D79000F42A9B /* ViewModel.swift in Sources */ = {isa = PBXBuildFile; fileRef = 822E984D2C54D79000F42A9B /* ViewModel.swift */; };
		822E98522C54D84D00F42A9B /* LauncherHomeVC.swift in Sources */ = {isa = PBXBuildFile; fileRef = 822E98512C54D84D00F42A9B /* LauncherHomeVC.swift */; };
		822E98542C54D85400F42A9B /* LauncherHomeVM.swift in Sources */ = {isa = PBXBuildFile; fileRef = 822E98532C54D85400F42A9B /* LauncherHomeVM.swift */; };
		822E98562C54D87200F42A9B /* ViewController.swift in Sources */ = {isa = PBXBuildFile; fileRef = 822E98552C54D87200F42A9B /* ViewController.swift */; };
		822E98692C54DE0F00F42A9B /* SearchSpeechModal.swift in Sources */ = {isa = PBXBuildFile; fileRef = 822E98682C54DE0F00F42A9B /* SearchSpeechModal.swift */; };
		822E986B2C54DE1800F42A9B /* SearchSpeechViewModel.swift in Sources */ = {isa = PBXBuildFile; fileRef = 822E986A2C54DE1800F42A9B /* SearchSpeechViewModel.swift */; };
		822E986E2C54DE3400F42A9B /* TransportViewModel.swift in Sources */ = {isa = PBXBuildFile; fileRef = 822E986D2C54DE3400F42A9B /* TransportViewModel.swift */; };
		822E98702C54DE3B00F42A9B /* TransportViewController.swift in Sources */ = {isa = PBXBuildFile; fileRef = 822E986F2C54DE3B00F42A9B /* TransportViewController.swift */; };
		822E98752C54E3E200F42A9B /* SanomatSans-Medium.otf in Resources */ = {isa = PBXBuildFile; fileRef = 822E98712C54E3E100F42A9B /* SanomatSans-Medium.otf */; };
		822E98762C54E3E200F42A9B /* SanomatSans-Regular.otf in Resources */ = {isa = PBXBuildFile; fileRef = 822E98722C54E3E100F42A9B /* SanomatSans-Regular.otf */; };
		822E98772C54E3E200F42A9B /* SanomatSans-Bold.otf in Resources */ = {isa = PBXBuildFile; fileRef = 822E98732C54E3E200F42A9B /* SanomatSans-Bold.otf */; };
		822E98782C54E3E200F42A9B /* SanomatSans-Light.otf in Resources */ = {isa = PBXBuildFile; fileRef = 822E98742C54E3E200F42A9B /* SanomatSans-Light.otf */; };
		822E98842C54E85A00F42A9B /* LauncherHomeMenu.swift in Sources */ = {isa = PBXBuildFile; fileRef = 822E98812C54E85A00F42A9B /* LauncherHomeMenu.swift */; };
		822E98852C54E85A00F42A9B /* LauncherHomePaymnet.swift in Sources */ = {isa = PBXBuildFile; fileRef = 822E98822C54E85A00F42A9B /* LauncherHomePaymnet.swift */; };
		822E98862C54E85A00F42A9B /* LauncherHomePromo.swift in Sources */ = {isa = PBXBuildFile; fileRef = 822E98832C54E85A00F42A9B /* LauncherHomePromo.swift */; };
		822E988C2C54E87F00F42A9B /* LauncherModel.swift in Sources */ = {isa = PBXBuildFile; fileRef = 822E988A2C54E87F00F42A9B /* LauncherModel.swift */; };
		822E988D2C54E87F00F42A9B /* LauncherService.swift in Sources */ = {isa = PBXBuildFile; fileRef = 822E988B2C54E87F00F42A9B /* LauncherService.swift */; };
		822E988F2C554C2600F42A9B /* Keys.swift in Sources */ = {isa = PBXBuildFile; fileRef = 822E988E2C554C2600F42A9B /* Keys.swift */; };
		822E98912C555F7A00F42A9B /* UIImageView+.swift in Sources */ = {isa = PBXBuildFile; fileRef = 822E98902C555F7A00F42A9B /* UIImageView+.swift */; };
		822E98952C556E6E00F42A9B /* Encodable+.swift in Sources */ = {isa = PBXBuildFile; fileRef = 822E98942C556E6E00F42A9B /* Encodable+.swift */; };
		822E98992C5578C400F42A9B /* CustomURLEncoding.swift in Sources */ = {isa = PBXBuildFile; fileRef = 822E98982C5578C400F42A9B /* CustomURLEncoding.swift */; };
		D897610DF08CC6C0C1FE32F9 /* Pods_GrabSixthSense.framework in Frameworks */ = {isa = PBXBuildFile; fileRef = 0F64532347B6AF1456AD5D6A /* Pods_GrabSixthSense.framework */; };
/* End PBXBuildFile section */

/* Begin PBXFileReference section */
		0F64532347B6AF1456AD5D6A /* Pods_GrabSixthSense.framework */ = {isa = PBXFileReference; explicitFileType = wrapper.framework; includeInIndex = 0; path = Pods_GrabSixthSense.framework; sourceTree = BUILT_PRODUCTS_DIR; };
		1283DF2B3669F28445C250FF /* Pods-GrabSixthSense.debug.xcconfig */ = {isa = PBXFileReference; includeInIndex = 1; lastKnownFileType = text.xcconfig; name = "Pods-GrabSixthSense.debug.xcconfig"; path = "Target Support Files/Pods-GrabSixthSense/Pods-GrabSixthSense.debug.xcconfig"; sourceTree = "<group>"; };
		55E6E5C02C54CA5200173EBA /* GrabSixthSense.app */ = {isa = PBXFileReference; explicitFileType = wrapper.application; includeInIndex = 0; path = GrabSixthSense.app; sourceTree = BUILT_PRODUCTS_DIR; };
		55E6E5C32C54CA5200173EBA /* AppDelegate.swift */ = {isa = PBXFileReference; lastKnownFileType = sourcecode.swift; path = AppDelegate.swift; sourceTree = "<group>"; };
		55E6E5C52C54CA5200173EBA /* SceneDelegate.swift */ = {isa = PBXFileReference; lastKnownFileType = sourcecode.swift; path = SceneDelegate.swift; sourceTree = "<group>"; };
		55E6E5CC2C54CA5400173EBA /* Assets.xcassets */ = {isa = PBXFileReference; lastKnownFileType = folder.assetcatalog; path = Assets.xcassets; sourceTree = "<group>"; };
		55E6E5D12C54CA5400173EBA /* Info.plist */ = {isa = PBXFileReference; lastKnownFileType = text.plist.xml; path = Info.plist; sourceTree = "<group>"; };
		55F664752C54EE02005C6EF9 /* CircleFloatingButton.swift */ = {isa = PBXFileReference; lastKnownFileType = sourcecode.swift; path = CircleFloatingButton.swift; sourceTree = "<group>"; };
		55F664772C5500A9005C6EF9 /* OvalButton.swift */ = {isa = PBXFileReference; lastKnownFileType = sourcecode.swift; path = OvalButton.swift; sourceTree = "<group>"; };
		55F6647A2C553604005C6EF9 /* TransportService.swift */ = {isa = PBXFileReference; lastKnownFileType = sourcecode.swift; path = TransportService.swift; sourceTree = "<group>"; };
		822E98272C54D0A200F42A9B /* SplashScreenViewController.swift */ = {isa = PBXFileReference; lastKnownFileType = sourcecode.swift; path = SplashScreenViewController.swift; sourceTree = "<group>"; };
		822E98292C54D0B200F42A9B /* SplashScreenViewModel.swift */ = {isa = PBXFileReference; lastKnownFileType = sourcecode.swift; path = SplashScreenViewModel.swift; sourceTree = "<group>"; };
		822E982C2C54D0BC00F42A9B /* MainCoordinator.swift */ = {isa = PBXFileReference; lastKnownFileType = sourcecode.swift; path = MainCoordinator.swift; sourceTree = "<group>"; };
		822E98332C54D13500F42A9B /* Coordinator.swift */ = {isa = PBXFileReference; lastKnownFileType = sourcecode.swift; path = Coordinator.swift; sourceTree = "<group>"; };
		822E98362C54D59D00F42A9B /* Assets.swift */ = {isa = PBXFileReference; lastKnownFileType = sourcecode.swift; path = Assets.swift; sourceTree = "<group>"; };
		822E98392C54D5E400F42A9B /* UIImage+.swift */ = {isa = PBXFileReference; lastKnownFileType = sourcecode.swift; path = "UIImage+.swift"; sourceTree = "<group>"; };
		822E983B2C54D62B00F42A9B /* UIView+.swift */ = {isa = PBXFileReference; lastKnownFileType = sourcecode.swift; path = "UIView+.swift"; sourceTree = "<group>"; };
		822E983D2C54D66B00F42A9B /* CGFLoat+.swift */ = {isa = PBXFileReference; fileEncoding = 4; lastKnownFileType = sourcecode.swift; path = "CGFLoat+.swift"; sourceTree = "<group>"; };
		822E983F2C54D67000F42A9B /* String+.swift */ = {isa = PBXFileReference; fileEncoding = 4; lastKnownFileType = sourcecode.swift; path = "String+.swift"; sourceTree = "<group>"; };
		822E98412C54D67500F42A9B /* UIApplication+.swift */ = {isa = PBXFileReference; fileEncoding = 4; lastKnownFileType = sourcecode.swift; path = "UIApplication+.swift"; sourceTree = "<group>"; };
		822E98432C54D67A00F42A9B /* UIButton+.swift */ = {isa = PBXFileReference; fileEncoding = 4; lastKnownFileType = sourcecode.swift; path = "UIButton+.swift"; sourceTree = "<group>"; };
		822E98452C54D68000F42A9B /* UIFont+.swift */ = {isa = PBXFileReference; fileEncoding = 4; lastKnownFileType = sourcecode.swift; path = "UIFont+.swift"; sourceTree = "<group>"; };
		822E98472C54D68B00F42A9B /* BaseResponse.swift */ = {isa = PBXFileReference; fileEncoding = 4; lastKnownFileType = sourcecode.swift; path = BaseResponse.swift; sourceTree = "<group>"; };
		822E98492C54D69200F42A9B /* ApiRequest.swift */ = {isa = PBXFileReference; fileEncoding = 4; lastKnownFileType = sourcecode.swift; path = ApiRequest.swift; sourceTree = "<group>"; };
		822E984B2C54D6A800F42A9B /* Endpoints.swift */ = {isa = PBXFileReference; lastKnownFileType = sourcecode.swift; path = Endpoints.swift; sourceTree = "<group>"; };
		822E984D2C54D79000F42A9B /* ViewModel.swift */ = {isa = PBXFileReference; lastKnownFileType = sourcecode.swift; path = ViewModel.swift; sourceTree = "<group>"; };
		822E98512C54D84D00F42A9B /* LauncherHomeVC.swift */ = {isa = PBXFileReference; lastKnownFileType = sourcecode.swift; path = LauncherHomeVC.swift; sourceTree = "<group>"; };
		822E98532C54D85400F42A9B /* LauncherHomeVM.swift */ = {isa = PBXFileReference; lastKnownFileType = sourcecode.swift; path = LauncherHomeVM.swift; sourceTree = "<group>"; };
		822E98552C54D87200F42A9B /* ViewController.swift */ = {isa = PBXFileReference; lastKnownFileType = sourcecode.swift; path = ViewController.swift; sourceTree = "<group>"; };
		822E98682C54DE0F00F42A9B /* SearchSpeechModal.swift */ = {isa = PBXFileReference; lastKnownFileType = sourcecode.swift; path = SearchSpeechModal.swift; sourceTree = "<group>"; };
		822E986A2C54DE1800F42A9B /* SearchSpeechViewModel.swift */ = {isa = PBXFileReference; lastKnownFileType = sourcecode.swift; path = SearchSpeechViewModel.swift; sourceTree = "<group>"; };
		822E986D2C54DE3400F42A9B /* TransportViewModel.swift */ = {isa = PBXFileReference; lastKnownFileType = sourcecode.swift; path = TransportViewModel.swift; sourceTree = "<group>"; };
		822E986F2C54DE3B00F42A9B /* TransportViewController.swift */ = {isa = PBXFileReference; lastKnownFileType = sourcecode.swift; path = TransportViewController.swift; sourceTree = "<group>"; };
		822E98712C54E3E100F42A9B /* SanomatSans-Medium.otf */ = {isa = PBXFileReference; lastKnownFileType = file; path = "SanomatSans-Medium.otf"; sourceTree = "<group>"; };
		822E98722C54E3E100F42A9B /* SanomatSans-Regular.otf */ = {isa = PBXFileReference; lastKnownFileType = file; path = "SanomatSans-Regular.otf"; sourceTree = "<group>"; };
		822E98732C54E3E200F42A9B /* SanomatSans-Bold.otf */ = {isa = PBXFileReference; lastKnownFileType = file; path = "SanomatSans-Bold.otf"; sourceTree = "<group>"; };
		822E98742C54E3E200F42A9B /* SanomatSans-Light.otf */ = {isa = PBXFileReference; lastKnownFileType = file; path = "SanomatSans-Light.otf"; sourceTree = "<group>"; };
		822E98812C54E85A00F42A9B /* LauncherHomeMenu.swift */ = {isa = PBXFileReference; fileEncoding = 4; lastKnownFileType = sourcecode.swift; path = LauncherHomeMenu.swift; sourceTree = "<group>"; };
		822E98822C54E85A00F42A9B /* LauncherHomePaymnet.swift */ = {isa = PBXFileReference; fileEncoding = 4; lastKnownFileType = sourcecode.swift; path = LauncherHomePaymnet.swift; sourceTree = "<group>"; };
		822E98832C54E85A00F42A9B /* LauncherHomePromo.swift */ = {isa = PBXFileReference; fileEncoding = 4; lastKnownFileType = sourcecode.swift; path = LauncherHomePromo.swift; sourceTree = "<group>"; };
		822E988A2C54E87F00F42A9B /* LauncherModel.swift */ = {isa = PBXFileReference; fileEncoding = 4; lastKnownFileType = sourcecode.swift; path = LauncherModel.swift; sourceTree = "<group>"; };
		822E988B2C54E87F00F42A9B /* LauncherService.swift */ = {isa = PBXFileReference; fileEncoding = 4; lastKnownFileType = sourcecode.swift; path = LauncherService.swift; sourceTree = "<group>"; };
		822E988E2C554C2600F42A9B /* Keys.swift */ = {isa = PBXFileReference; lastKnownFileType = sourcecode.swift; path = Keys.swift; sourceTree = "<group>"; };
		822E98902C555F7A00F42A9B /* UIImageView+.swift */ = {isa = PBXFileReference; lastKnownFileType = sourcecode.swift; path = "UIImageView+.swift"; sourceTree = "<group>"; };
		822E98942C556E6E00F42A9B /* Encodable+.swift */ = {isa = PBXFileReference; lastKnownFileType = sourcecode.swift; path = "Encodable+.swift"; sourceTree = "<group>"; };
		822E98982C5578C400F42A9B /* CustomURLEncoding.swift */ = {isa = PBXFileReference; lastKnownFileType = sourcecode.swift; path = CustomURLEncoding.swift; sourceTree = "<group>"; };
		BB50C696E3C90E36A8A91F32 /* Pods-GrabSixthSense.release.xcconfig */ = {isa = PBXFileReference; includeInIndex = 1; lastKnownFileType = text.xcconfig; name = "Pods-GrabSixthSense.release.xcconfig"; path = "Target Support Files/Pods-GrabSixthSense/Pods-GrabSixthSense.release.xcconfig"; sourceTree = "<group>"; };
/* End PBXFileReference section */

/* Begin PBXFrameworksBuildPhase section */
		55E6E5BD2C54CA5200173EBA /* Frameworks */ = {
			isa = PBXFrameworksBuildPhase;
			buildActionMask = 2147483647;
			files = (
				D897610DF08CC6C0C1FE32F9 /* Pods_GrabSixthSense.framework in Frameworks */,
			);
			runOnlyForDeploymentPostprocessing = 0;
		};
/* End PBXFrameworksBuildPhase section */

/* Begin PBXGroup section */
		55E6E5B72C54CA5200173EBA = {
			isa = PBXGroup;
			children = (
				55E6E5C22C54CA5200173EBA /* GrabSixthSense */,
				55E6E5C12C54CA5200173EBA /* Products */,
				6BA8FE3A1B19AAEA941D1EAC /* Pods */,
				96C4D4F174199B697E88D948 /* Frameworks */,
			);
			sourceTree = "<group>";
		};
		55E6E5C12C54CA5200173EBA /* Products */ = {
			isa = PBXGroup;
			children = (
				55E6E5C02C54CA5200173EBA /* GrabSixthSense.app */,
			);
			name = Products;
			sourceTree = "<group>";
		};
		55E6E5C22C54CA5200173EBA /* GrabSixthSense */ = {
			isa = PBXGroup;
			children = (
				822E98252C54D07100F42A9B /* Modules */,
				822E98312C54D0FE00F42A9B /* Utilities */,
			);
			path = GrabSixthSense;
			sourceTree = "<group>";
		};
		55F664742C54EDF0005C6EF9 /* Component */ = {
			isa = PBXGroup;
			children = (
				55F664752C54EE02005C6EF9 /* CircleFloatingButton.swift */,
				55F664772C5500A9005C6EF9 /* OvalButton.swift */,
			);
			path = Component;
			sourceTree = "<group>";
		};
		55F664792C5535E1005C6EF9 /* Repository */ = {
			isa = PBXGroup;
			children = (
				55F6647A2C553604005C6EF9 /* TransportService.swift */,
			);
			path = Repository;
			sourceTree = "<group>";
		};
		6BA8FE3A1B19AAEA941D1EAC /* Pods */ = {
			isa = PBXGroup;
			children = (
				1283DF2B3669F28445C250FF /* Pods-GrabSixthSense.debug.xcconfig */,
				BB50C696E3C90E36A8A91F32 /* Pods-GrabSixthSense.release.xcconfig */,
			);
			path = Pods;
			sourceTree = "<group>";
		};
		822E98252C54D07100F42A9B /* Modules */ = {
			isa = PBXGroup;
			children = (
				822E984F2C54D83F00F42A9B /* Launcher */,
				822E982B2C54D0B400F42A9B /* Main */,
				822E98662C54DE0100F42A9B /* SearchModule */,
				822E98262C54D08200F42A9B /* SplashScreen */,
				822E986C2C54DE1A00F42A9B /* Transport */,
			);
			path = Modules;
			sourceTree = "<group>";
		};
		822E98262C54D08200F42A9B /* SplashScreen */ = {
			isa = PBXGroup;
			children = (
				822E98272C54D0A200F42A9B /* SplashScreenViewController.swift */,
				822E98292C54D0B200F42A9B /* SplashScreenViewModel.swift */,
			);
			path = SplashScreen;
			sourceTree = "<group>";
		};
		822E982B2C54D0B400F42A9B /* Main */ = {
			isa = PBXGroup;
			children = (
				822E982C2C54D0BC00F42A9B /* MainCoordinator.swift */,
			);
			path = Main;
			sourceTree = "<group>";
		};
		822E982E2C54D0D100F42A9B /* Applications */ = {
			isa = PBXGroup;
			children = (
				55E6E5C32C54CA5200173EBA /* AppDelegate.swift */,
				55E6E5C52C54CA5200173EBA /* SceneDelegate.swift */,
			);
			path = Applications;
			sourceTree = "<group>";
		};
		822E982F2C54D0E800F42A9B /* Resources */ = {
			isa = PBXGroup;
			children = (
				55E6E5CC2C54CA5400173EBA /* Assets.xcassets */,
				822E98732C54E3E200F42A9B /* SanomatSans-Bold.otf */,
				822E98742C54E3E200F42A9B /* SanomatSans-Light.otf */,
				822E98712C54E3E100F42A9B /* SanomatSans-Medium.otf */,
				822E98722C54E3E100F42A9B /* SanomatSans-Regular.otf */,
			);
			path = Resources;
			sourceTree = "<group>";
		};
		822E98302C54D0F200F42A9B /* Configurations */ = {
			isa = PBXGroup;
			children = (
				55E6E5D12C54CA5400173EBA /* Info.plist */,
			);
			path = Configurations;
			sourceTree = "<group>";
		};
		822E98312C54D0FE00F42A9B /* Utilities */ = {
			isa = PBXGroup;
			children = (
				822E982E2C54D0D100F42A9B /* Applications */,
				822E98322C54D12800F42A9B /* BaseModules */,
				822E98302C54D0F200F42A9B /* Configurations */,
				822E98352C54D58D00F42A9B /* Constants */,
				822E98382C54D5D600F42A9B /* Extensions */,
				822E982F2C54D0E800F42A9B /* Resources */,
			);
			path = Utilities;
			sourceTree = "<group>";
		};
		822E98322C54D12800F42A9B /* BaseModules */ = {
			isa = PBXGroup;
			children = (
				822E98492C54D69200F42A9B /* ApiRequest.swift */,
				822E98472C54D68B00F42A9B /* BaseResponse.swift */,
				822E98332C54D13500F42A9B /* Coordinator.swift */,
				822E98552C54D87200F42A9B /* ViewController.swift */,
				822E984D2C54D79000F42A9B /* ViewModel.swift */,
				822E98982C5578C400F42A9B /* CustomURLEncoding.swift */,
			);
			path = BaseModules;
			sourceTree = "<group>";
		};
		822E98352C54D58D00F42A9B /* Constants */ = {
			isa = PBXGroup;
			children = (
				822E98362C54D59D00F42A9B /* Assets.swift */,
				822E984B2C54D6A800F42A9B /* Endpoints.swift */,
				822E988E2C554C2600F42A9B /* Keys.swift */,
			);
			path = Constants;
			sourceTree = "<group>";
		};
		822E98382C54D5D600F42A9B /* Extensions */ = {
			isa = PBXGroup;
			children = (
				822E983D2C54D66B00F42A9B /* CGFLoat+.swift */,
				822E983F2C54D67000F42A9B /* String+.swift */,
				822E98412C54D67500F42A9B /* UIApplication+.swift */,
				822E98432C54D67A00F42A9B /* UIButton+.swift */,
				822E98452C54D68000F42A9B /* UIFont+.swift */,
				822E98392C54D5E400F42A9B /* UIImage+.swift */,
				822E983B2C54D62B00F42A9B /* UIView+.swift */,
				822E98902C555F7A00F42A9B /* UIImageView+.swift */,
				822E98942C556E6E00F42A9B /* Encodable+.swift */,
			);
			path = Extensions;
			sourceTree = "<group>";
		};
		822E984F2C54D83F00F42A9B /* Launcher */ = {
			isa = PBXGroup;
			children = (
				822E98892C54E87900F42A9B /* Main */,
				822E98502C54D84400F42A9B /* Home */,
			);
			path = Launcher;
			sourceTree = "<group>";
		};
		822E98502C54D84400F42A9B /* Home */ = {
			isa = PBXGroup;
			children = (
				822E987A2C54E76000F42A9B /* Components */,
				822E98792C54E74200F42A9B /* Main */,
			);
			path = Home;
			sourceTree = "<group>";
		};
		822E98662C54DE0100F42A9B /* SearchModule */ = {
			isa = PBXGroup;
			children = (
				822E98672C54DE0900F42A9B /* Speech */,
			);
			path = SearchModule;
			sourceTree = "<group>";
		};
		822E98672C54DE0900F42A9B /* Speech */ = {
			isa = PBXGroup;
			children = (
				822E98682C54DE0F00F42A9B /* SearchSpeechModal.swift */,
				822E986A2C54DE1800F42A9B /* SearchSpeechViewModel.swift */,
			);
			path = Speech;
			sourceTree = "<group>";
		};
		822E986C2C54DE1A00F42A9B /* Transport */ = {
			isa = PBXGroup;
			children = (
				55F664792C5535E1005C6EF9 /* Repository */,
				55F664742C54EDF0005C6EF9 /* Component */,
				822E986F2C54DE3B00F42A9B /* TransportViewController.swift */,
				822E986D2C54DE3400F42A9B /* TransportViewModel.swift */,
			);
			path = Transport;
			sourceTree = "<group>";
		};
		822E98792C54E74200F42A9B /* Main */ = {
			isa = PBXGroup;
			children = (
				822E98512C54D84D00F42A9B /* LauncherHomeVC.swift */,
				822E98532C54D85400F42A9B /* LauncherHomeVM.swift */,
			);
			path = Main;
			sourceTree = "<group>";
		};
		822E987A2C54E76000F42A9B /* Components */ = {
			isa = PBXGroup;
			children = (
				822E98812C54E85A00F42A9B /* LauncherHomeMenu.swift */,
				822E98822C54E85A00F42A9B /* LauncherHomePaymnet.swift */,
				822E98832C54E85A00F42A9B /* LauncherHomePromo.swift */,
			);
			path = Components;
			sourceTree = "<group>";
		};
		822E98892C54E87900F42A9B /* Main */ = {
			isa = PBXGroup;
			children = (
				822E988A2C54E87F00F42A9B /* LauncherModel.swift */,
				822E988B2C54E87F00F42A9B /* LauncherService.swift */,
			);
			path = Main;
			sourceTree = "<group>";
		};
		96C4D4F174199B697E88D948 /* Frameworks */ = {
			isa = PBXGroup;
			children = (
				0F64532347B6AF1456AD5D6A /* Pods_GrabSixthSense.framework */,
			);
			name = Frameworks;
			sourceTree = "<group>";
		};
/* End PBXGroup section */

/* Begin PBXNativeTarget section */
		55E6E5BF2C54CA5200173EBA /* GrabSixthSense */ = {
			isa = PBXNativeTarget;
			buildConfigurationList = 55E6E5D42C54CA5400173EBA /* Build configuration list for PBXNativeTarget "GrabSixthSense" */;
			buildPhases = (
				E59810BD05E52743AFE0B6B1 /* [CP] Check Pods Manifest.lock */,
				55E6E5BC2C54CA5200173EBA /* Sources */,
				55E6E5BD2C54CA5200173EBA /* Frameworks */,
				55E6E5BE2C54CA5200173EBA /* Resources */,
				54C4811B3B5B809223098E57 /* [CP] Embed Pods Frameworks */,
				BDFB163CF39A3CAEEA56AD0C /* [CP] Copy Pods Resources */,
			);
			buildRules = (
			);
			dependencies = (
			);
			name = GrabSixthSense;
			productName = GrabSixthSense;
			productReference = 55E6E5C02C54CA5200173EBA /* GrabSixthSense.app */;
			productType = "com.apple.product-type.application";
		};
/* End PBXNativeTarget section */

/* Begin PBXProject section */
		55E6E5B82C54CA5200173EBA /* Project object */ = {
			isa = PBXProject;
			attributes = {
				BuildIndependentTargetsInParallel = 1;
				LastSwiftUpdateCheck = 1520;
				LastUpgradeCheck = 1520;
				TargetAttributes = {
					55E6E5BF2C54CA5200173EBA = {
						CreatedOnToolsVersion = 15.2;
					};
				};
			};
			buildConfigurationList = 55E6E5BB2C54CA5200173EBA /* Build configuration list for PBXProject "GrabSixthSense" */;
			compatibilityVersion = "Xcode 14.0";
			developmentRegion = en;
			hasScannedForEncodings = 0;
			knownRegions = (
				en,
				Base,
			);
			mainGroup = 55E6E5B72C54CA5200173EBA;
			productRefGroup = 55E6E5C12C54CA5200173EBA /* Products */;
			projectDirPath = "";
			projectRoot = "";
			targets = (
				55E6E5BF2C54CA5200173EBA /* GrabSixthSense */,
			);
		};
/* End PBXProject section */

/* Begin PBXResourcesBuildPhase section */
		55E6E5BE2C54CA5200173EBA /* Resources */ = {
			isa = PBXResourcesBuildPhase;
			buildActionMask = 2147483647;
			files = (
				55E6E5CD2C54CA5400173EBA /* Assets.xcassets in Resources */,
				822E98772C54E3E200F42A9B /* SanomatSans-Bold.otf in Resources */,
				822E98752C54E3E200F42A9B /* SanomatSans-Medium.otf in Resources */,
				822E98762C54E3E200F42A9B /* SanomatSans-Regular.otf in Resources */,
				822E98782C54E3E200F42A9B /* SanomatSans-Light.otf in Resources */,
			);
			runOnlyForDeploymentPostprocessing = 0;
		};
/* End PBXResourcesBuildPhase section */

/* Begin PBXShellScriptBuildPhase section */
		54C4811B3B5B809223098E57 /* [CP] Embed Pods Frameworks */ = {
			isa = PBXShellScriptBuildPhase;
			buildActionMask = 2147483647;
			files = (
			);
			inputFileListPaths = (
				"${PODS_ROOT}/Target Support Files/Pods-GrabSixthSense/Pods-GrabSixthSense-frameworks-${CONFIGURATION}-input-files.xcfilelist",
			);
			name = "[CP] Embed Pods Frameworks";
			outputFileListPaths = (
				"${PODS_ROOT}/Target Support Files/Pods-GrabSixthSense/Pods-GrabSixthSense-frameworks-${CONFIGURATION}-output-files.xcfilelist",
			);
			runOnlyForDeploymentPostprocessing = 0;
			shellPath = /bin/sh;
			shellScript = "\"${PODS_ROOT}/Target Support Files/Pods-GrabSixthSense/Pods-GrabSixthSense-frameworks.sh\"\n";
			showEnvVarsInLog = 0;
		};
		BDFB163CF39A3CAEEA56AD0C /* [CP] Copy Pods Resources */ = {
			isa = PBXShellScriptBuildPhase;
			buildActionMask = 2147483647;
			files = (
			);
			inputFileListPaths = (
				"${PODS_ROOT}/Target Support Files/Pods-GrabSixthSense/Pods-GrabSixthSense-resources-${CONFIGURATION}-input-files.xcfilelist",
			);
			name = "[CP] Copy Pods Resources";
			outputFileListPaths = (
				"${PODS_ROOT}/Target Support Files/Pods-GrabSixthSense/Pods-GrabSixthSense-resources-${CONFIGURATION}-output-files.xcfilelist",
			);
			runOnlyForDeploymentPostprocessing = 0;
			shellPath = /bin/sh;
			shellScript = "\"${PODS_ROOT}/Target Support Files/Pods-GrabSixthSense/Pods-GrabSixthSense-resources.sh\"\n";
			showEnvVarsInLog = 0;
		};
		E59810BD05E52743AFE0B6B1 /* [CP] Check Pods Manifest.lock */ = {
			isa = PBXShellScriptBuildPhase;
			buildActionMask = 2147483647;
			files = (
			);
			inputFileListPaths = (
			);
			inputPaths = (
				"${PODS_PODFILE_DIR_PATH}/Podfile.lock",
				"${PODS_ROOT}/Manifest.lock",
			);
			name = "[CP] Check Pods Manifest.lock";
			outputFileListPaths = (
			);
			outputPaths = (
				"$(DERIVED_FILE_DIR)/Pods-GrabSixthSense-checkManifestLockResult.txt",
			);
			runOnlyForDeploymentPostprocessing = 0;
			shellPath = /bin/sh;
			shellScript = "diff \"${PODS_PODFILE_DIR_PATH}/Podfile.lock\" \"${PODS_ROOT}/Manifest.lock\" > /dev/null\nif [ $? != 0 ] ; then\n    # print error to STDERR\n    echo \"error: The sandbox is not in sync with the Podfile.lock. Run 'pod install' or update your CocoaPods installation.\" >&2\n    exit 1\nfi\n# This output is used by Xcode 'outputs' to avoid re-running this script phase.\necho \"SUCCESS\" > \"${SCRIPT_OUTPUT_FILE_0}\"\n";
			showEnvVarsInLog = 0;
		};
/* End PBXShellScriptBuildPhase section */

/* Begin PBXSourcesBuildPhase section */
		55E6E5BC2C54CA5200173EBA /* Sources */ = {
			isa = PBXSourcesBuildPhase;
			buildActionMask = 2147483647;
			files = (
				822E98482C54D68B00F42A9B /* BaseResponse.swift in Sources */,
				822E988F2C554C2600F42A9B /* Keys.swift in Sources */,
				822E98702C54DE3B00F42A9B /* TransportViewController.swift in Sources */,
				822E982A2C54D0B200F42A9B /* SplashScreenViewModel.swift in Sources */,
				822E984C2C54D6A800F42A9B /* Endpoints.swift in Sources */,
				822E98372C54D59D00F42A9B /* Assets.swift in Sources */,
				822E983E2C54D66B00F42A9B /* CGFLoat+.swift in Sources */,
				822E982D2C54D0BC00F42A9B /* MainCoordinator.swift in Sources */,
				822E98342C54D13500F42A9B /* Coordinator.swift in Sources */,
				822E98912C555F7A00F42A9B /* UIImageView+.swift in Sources */,
				55E6E5C42C54CA5200173EBA /* AppDelegate.swift in Sources */,
				822E98842C54E85A00F42A9B /* LauncherHomeMenu.swift in Sources */,
				822E986B2C54DE1800F42A9B /* SearchSpeechViewModel.swift in Sources */,
				822E983A2C54D5E400F42A9B /* UIImage+.swift in Sources */,
				822E98442C54D67A00F42A9B /* UIButton+.swift in Sources */,
				822E984E2C54D79000F42A9B /* ViewModel.swift in Sources */,
				822E986E2C54DE3400F42A9B /* TransportViewModel.swift in Sources */,
				55F664782C5500A9005C6EF9 /* OvalButton.swift in Sources */,
				822E988C2C54E87F00F42A9B /* LauncherModel.swift in Sources */,
				822E98692C54DE0F00F42A9B /* SearchSpeechModal.swift in Sources */,
				822E98402C54D67000F42A9B /* String+.swift in Sources */,
				822E98422C54D67500F42A9B /* UIApplication+.swift in Sources */,
				822E98462C54D68000F42A9B /* UIFont+.swift in Sources */,
				822E98522C54D84D00F42A9B /* LauncherHomeVC.swift in Sources */,
				55F664762C54EE02005C6EF9 /* CircleFloatingButton.swift in Sources */,
				822E983C2C54D62B00F42A9B /* UIView+.swift in Sources */,
				822E98852C54E85A00F42A9B /* LauncherHomePaymnet.swift in Sources */,
				822E98952C556E6E00F42A9B /* Encodable+.swift in Sources */,
				822E98862C54E85A00F42A9B /* LauncherHomePromo.swift in Sources */,
				55E6E5C62C54CA5200173EBA /* SceneDelegate.swift in Sources */,
				822E98542C54D85400F42A9B /* LauncherHomeVM.swift in Sources */,
				822E98562C54D87200F42A9B /* ViewController.swift in Sources */,
				822E988D2C54E87F00F42A9B /* LauncherService.swift in Sources */,
				822E984A2C54D69200F42A9B /* ApiRequest.swift in Sources */,
				822E98992C5578C400F42A9B /* CustomURLEncoding.swift in Sources */,
				822E98282C54D0A200F42A9B /* SplashScreenViewController.swift in Sources */,
				55F6647B2C553604005C6EF9 /* TransportService.swift in Sources */,
			);
			runOnlyForDeploymentPostprocessing = 0;
		};
/* End PBXSourcesBuildPhase section */

/* Begin XCBuildConfiguration section */
		55E6E5D22C54CA5400173EBA /* Debug */ = {
			isa = XCBuildConfiguration;
			buildSettings = {
				ALWAYS_SEARCH_USER_PATHS = NO;
				ASSETCATALOG_COMPILER_GENERATE_SWIFT_ASSET_SYMBOL_EXTENSIONS = YES;
				CLANG_ANALYZER_NONNULL = YES;
				CLANG_ANALYZER_NUMBER_OBJECT_CONVERSION = YES_AGGRESSIVE;
				CLANG_CXX_LANGUAGE_STANDARD = "gnu++20";
				CLANG_ENABLE_MODULES = YES;
				CLANG_ENABLE_OBJC_ARC = YES;
				CLANG_ENABLE_OBJC_WEAK = YES;
				CLANG_WARN_BLOCK_CAPTURE_AUTORELEASING = YES;
				CLANG_WARN_BOOL_CONVERSION = YES;
				CLANG_WARN_COMMA = YES;
				CLANG_WARN_CONSTANT_CONVERSION = YES;
				CLANG_WARN_DEPRECATED_OBJC_IMPLEMENTATIONS = YES;
				CLANG_WARN_DIRECT_OBJC_ISA_USAGE = YES_ERROR;
				CLANG_WARN_DOCUMENTATION_COMMENTS = YES;
				CLANG_WARN_EMPTY_BODY = YES;
				CLANG_WARN_ENUM_CONVERSION = YES;
				CLANG_WARN_INFINITE_RECURSION = YES;
				CLANG_WARN_INT_CONVERSION = YES;
				CLANG_WARN_NON_LITERAL_NULL_CONVERSION = YES;
				CLANG_WARN_OBJC_IMPLICIT_RETAIN_SELF = YES;
				CLANG_WARN_OBJC_LITERAL_CONVERSION = YES;
				CLANG_WARN_OBJC_ROOT_CLASS = YES_ERROR;
				CLANG_WARN_QUOTED_INCLUDE_IN_FRAMEWORK_HEADER = YES;
				CLANG_WARN_RANGE_LOOP_ANALYSIS = YES;
				CLANG_WARN_STRICT_PROTOTYPES = YES;
				CLANG_WARN_SUSPICIOUS_MOVE = YES;
				CLANG_WARN_UNGUARDED_AVAILABILITY = YES_AGGRESSIVE;
				CLANG_WARN_UNREACHABLE_CODE = YES;
				CLANG_WARN__DUPLICATE_METHOD_MATCH = YES;
				COPY_PHASE_STRIP = NO;
				DEBUG_INFORMATION_FORMAT = dwarf;
				ENABLE_STRICT_OBJC_MSGSEND = YES;
				ENABLE_TESTABILITY = YES;
				ENABLE_USER_SCRIPT_SANDBOXING = YES;
				GCC_C_LANGUAGE_STANDARD = gnu17;
				GCC_DYNAMIC_NO_PIC = NO;
				GCC_NO_COMMON_BLOCKS = YES;
				GCC_OPTIMIZATION_LEVEL = 0;
				GCC_PREPROCESSOR_DEFINITIONS = (
					"DEBUG=1",
					"$(inherited)",
				);
				GCC_WARN_64_TO_32_BIT_CONVERSION = YES;
				GCC_WARN_ABOUT_RETURN_TYPE = YES_ERROR;
				GCC_WARN_UNDECLARED_SELECTOR = YES;
				GCC_WARN_UNINITIALIZED_AUTOS = YES_AGGRESSIVE;
				GCC_WARN_UNUSED_FUNCTION = YES;
				GCC_WARN_UNUSED_VARIABLE = YES;
				IPHONEOS_DEPLOYMENT_TARGET = 17.2;
				LOCALIZATION_PREFERS_STRING_CATALOGS = YES;
				MTL_ENABLE_DEBUG_INFO = INCLUDE_SOURCE;
				MTL_FAST_MATH = YES;
				ONLY_ACTIVE_ARCH = YES;
				SDKROOT = iphoneos;
				SWIFT_ACTIVE_COMPILATION_CONDITIONS = "DEBUG $(inherited)";
				SWIFT_OPTIMIZATION_LEVEL = "-Onone";
			};
			name = Debug;
		};
		55E6E5D32C54CA5400173EBA /* Release */ = {
			isa = XCBuildConfiguration;
			buildSettings = {
				ALWAYS_SEARCH_USER_PATHS = NO;
				ASSETCATALOG_COMPILER_GENERATE_SWIFT_ASSET_SYMBOL_EXTENSIONS = YES;
				CLANG_ANALYZER_NONNULL = YES;
				CLANG_ANALYZER_NUMBER_OBJECT_CONVERSION = YES_AGGRESSIVE;
				CLANG_CXX_LANGUAGE_STANDARD = "gnu++20";
				CLANG_ENABLE_MODULES = YES;
				CLANG_ENABLE_OBJC_ARC = YES;
				CLANG_ENABLE_OBJC_WEAK = YES;
				CLANG_WARN_BLOCK_CAPTURE_AUTORELEASING = YES;
				CLANG_WARN_BOOL_CONVERSION = YES;
				CLANG_WARN_COMMA = YES;
				CLANG_WARN_CONSTANT_CONVERSION = YES;
				CLANG_WARN_DEPRECATED_OBJC_IMPLEMENTATIONS = YES;
				CLANG_WARN_DIRECT_OBJC_ISA_USAGE = YES_ERROR;
				CLANG_WARN_DOCUMENTATION_COMMENTS = YES;
				CLANG_WARN_EMPTY_BODY = YES;
				CLANG_WARN_ENUM_CONVERSION = YES;
				CLANG_WARN_INFINITE_RECURSION = YES;
				CLANG_WARN_INT_CONVERSION = YES;
				CLANG_WARN_NON_LITERAL_NULL_CONVERSION = YES;
				CLANG_WARN_OBJC_IMPLICIT_RETAIN_SELF = YES;
				CLANG_WARN_OBJC_LITERAL_CONVERSION = YES;
				CLANG_WARN_OBJC_ROOT_CLASS = YES_ERROR;
				CLANG_WARN_QUOTED_INCLUDE_IN_FRAMEWORK_HEADER = YES;
				CLANG_WARN_RANGE_LOOP_ANALYSIS = YES;
				CLANG_WARN_STRICT_PROTOTYPES = YES;
				CLANG_WARN_SUSPICIOUS_MOVE = YES;
				CLANG_WARN_UNGUARDED_AVAILABILITY = YES_AGGRESSIVE;
				CLANG_WARN_UNREACHABLE_CODE = YES;
				CLANG_WARN__DUPLICATE_METHOD_MATCH = YES;
				COPY_PHASE_STRIP = NO;
				DEBUG_INFORMATION_FORMAT = "dwarf-with-dsym";
				ENABLE_NS_ASSERTIONS = NO;
				ENABLE_STRICT_OBJC_MSGSEND = YES;
				ENABLE_USER_SCRIPT_SANDBOXING = YES;
				GCC_C_LANGUAGE_STANDARD = gnu17;
				GCC_NO_COMMON_BLOCKS = YES;
				GCC_WARN_64_TO_32_BIT_CONVERSION = YES;
				GCC_WARN_ABOUT_RETURN_TYPE = YES_ERROR;
				GCC_WARN_UNDECLARED_SELECTOR = YES;
				GCC_WARN_UNINITIALIZED_AUTOS = YES_AGGRESSIVE;
				GCC_WARN_UNUSED_FUNCTION = YES;
				GCC_WARN_UNUSED_VARIABLE = YES;
				IPHONEOS_DEPLOYMENT_TARGET = 17.2;
				LOCALIZATION_PREFERS_STRING_CATALOGS = YES;
				MTL_ENABLE_DEBUG_INFO = NO;
				MTL_FAST_MATH = YES;
				SDKROOT = iphoneos;
				SWIFT_COMPILATION_MODE = wholemodule;
				VALIDATE_PRODUCT = YES;
			};
			name = Release;
		};
		55E6E5D52C54CA5400173EBA /* Debug */ = {
			isa = XCBuildConfiguration;
			baseConfigurationReference = 1283DF2B3669F28445C250FF /* Pods-GrabSixthSense.debug.xcconfig */;
			buildSettings = {
				ASSETCATALOG_COMPILER_APPICON_NAME = AppIcon;
				ASSETCATALOG_COMPILER_GLOBAL_ACCENT_COLOR_NAME = AccentColor;
				BASE_URL = "http://34.101.37.71:8080";
				CODE_SIGN_STYLE = Automatic;
				CURRENT_PROJECT_VERSION = 1;
				DEVELOPMENT_TEAM = 67Y666X7TJ;
				ENABLE_USER_SCRIPT_SANDBOXING = NO;
				GENERATE_INFOPLIST_FILE = YES;
				GMAPS_URL = "https://maps.googleapis.com/maps/api/directions/json";
				INFOPLIST_FILE = GrabSixthSense/Utilities/Configurations/Info.plist;
				INFOPLIST_KEY_CFBundleDisplayName = Grab;
				INFOPLIST_KEY_NSLocationWhenInUseUsageDescription = "We need your location to show you nearby places.";
				INFOPLIST_KEY_UIApplicationSupportsIndirectInputEvents = YES;
				INFOPLIST_KEY_UILaunchStoryboardName = LaunchScreen;
				INFOPLIST_KEY_UISupportedInterfaceOrientations = UIInterfaceOrientationPortrait;
				INFOPLIST_KEY_UISupportedInterfaceOrientations_iPad = "UIInterfaceOrientationLandscapeLeft UIInterfaceOrientationLandscapeRight UIInterfaceOrientationPortrait UIInterfaceOrientationPortraitUpsideDown";
				IPHONEOS_DEPLOYMENT_TARGET = 14.0;
				LD_RUNPATH_SEARCH_PATHS = (
					"$(inherited)",
					"@executable_path/Frameworks",
				);
				MARKETING_VERSION = 1.0;
				PRODUCT_BUNDLE_IDENTIFIER = com.grab.sixthsense;
				PRODUCT_NAME = "$(TARGET_NAME)";
				SUPPORTED_PLATFORMS = "iphoneos iphonesimulator";
				SUPPORTS_MACCATALYST = NO;
				SUPPORTS_MAC_DESIGNED_FOR_IPHONE_IPAD = NO;
				SUPPORTS_XR_DESIGNED_FOR_IPHONE_IPAD = NO;
				SWIFT_EMIT_LOC_STRINGS = YES;
				SWIFT_VERSION = 5.0;
				TARGETED_DEVICE_FAMILY = 1;
			};
			name = Debug;
		};
		55E6E5D62C54CA5400173EBA /* Release */ = {
			isa = XCBuildConfiguration;
			baseConfigurationReference = BB50C696E3C90E36A8A91F32 /* Pods-GrabSixthSense.release.xcconfig */;
			buildSettings = {
				ASSETCATALOG_COMPILER_APPICON_NAME = AppIcon;
				ASSETCATALOG_COMPILER_GLOBAL_ACCENT_COLOR_NAME = AccentColor;
				BASE_URL = "http://34.101.37.71:8080";
				CODE_SIGN_STYLE = Automatic;
				CURRENT_PROJECT_VERSION = 1;
				DEVELOPMENT_TEAM = 67Y666X7TJ;
				ENABLE_USER_SCRIPT_SANDBOXING = NO;
				GENERATE_INFOPLIST_FILE = YES;
				GMAPS_URL = "https://maps.googleapis.com/maps/api/directions/json";
				INFOPLIST_FILE = GrabSixthSense/Utilities/Configurations/Info.plist;
				INFOPLIST_KEY_CFBundleDisplayName = Grab;
				INFOPLIST_KEY_NSLocationWhenInUseUsageDescription = "We need your location to show you nearby places.";
				INFOPLIST_KEY_UIApplicationSupportsIndirectInputEvents = YES;
				INFOPLIST_KEY_UILaunchStoryboardName = LaunchScreen;
				INFOPLIST_KEY_UISupportedInterfaceOrientations = UIInterfaceOrientationPortrait;
				INFOPLIST_KEY_UISupportedInterfaceOrientations_iPad = "UIInterfaceOrientationLandscapeLeft UIInterfaceOrientationLandscapeRight UIInterfaceOrientationPortrait UIInterfaceOrientationPortraitUpsideDown";
				IPHONEOS_DEPLOYMENT_TARGET = 14.0;
				LD_RUNPATH_SEARCH_PATHS = (
					"$(inherited)",
					"@executable_path/Frameworks",
				);
				MARKETING_VERSION = 1.0;
				PRODUCT_BUNDLE_IDENTIFIER = com.grab.sixthsense;
				PRODUCT_NAME = "$(TARGET_NAME)";
				SUPPORTED_PLATFORMS = "iphoneos iphonesimulator";
				SUPPORTS_MACCATALYST = NO;
				SUPPORTS_MAC_DESIGNED_FOR_IPHONE_IPAD = NO;
				SUPPORTS_XR_DESIGNED_FOR_IPHONE_IPAD = NO;
				SWIFT_EMIT_LOC_STRINGS = YES;
				SWIFT_VERSION = 5.0;
				TARGETED_DEVICE_FAMILY = 1;
			};
			name = Release;
		};
/* End XCBuildConfiguration section */

/* Begin XCConfigurationList section */
		55E6E5BB2C54CA5200173EBA /* Build configuration list for PBXProject "GrabSixthSense" */ = {
			isa = XCConfigurationList;
			buildConfigurations = (
				55E6E5D22C54CA5400173EBA /* Debug */,
				55E6E5D32C54CA5400173EBA /* Release */,
			);
			defaultConfigurationIsVisible = 0;
			defaultConfigurationName = Release;
		};
		55E6E5D42C54CA5400173EBA /* Build configuration list for PBXNativeTarget "GrabSixthSense" */ = {
			isa = XCConfigurationList;
			buildConfigurations = (
				55E6E5D52C54CA5400173EBA /* Debug */,
				55E6E5D62C54CA5400173EBA /* Release */,
			);
			defaultConfigurationIsVisible = 0;
			defaultConfigurationName = Release;
		};
/* End XCConfigurationList section */
	};
	rootObject = 55E6E5B82C54CA5200173EBA /* Project object */;
}
